
Microsoft Visual Studio Solution File, Format Version 12.00
# Visual Studio Version 17
VisualStudioVersion = 17.4.33213.308
MinimumVisualStudioVersion = 10.0.40219.1
Project("{FAE04EC0-301F-11D3-BF4B-00C04F79EFBC}") = "RevitAPITraining_ArrangeElemBtwTwoPoints", "RevitAPITraining_ArrangeElemBtwTwoPoints\RevitAPITraining_ArrangeElemBtwTwoPoints.csproj", "{089771A8-35B5-4BAA-AEB1-9C8C2A257FA2}"
EndProject
Global
	GlobalSection(SolutionConfigurationPlatforms) = preSolution
		Debug|Any CPU = Debug|Any CPU
		Release|Any CPU = Release|Any CPU
	EndGlobalSection
	GlobalSection(ProjectConfigurationPlatforms) = postSolution
		{089771A8-35B5-4BAA-AEB1-9C8C2A257FA2}.Debug|Any CPU.ActiveCfg = Debug|Any CPU
		{089771A8-35B5-4BAA-AEB1-9C8C2A257FA2}.Debug|Any CPU.Build.0 = Debug|Any CPU
		{089771A8-35B5-4BAA-AEB1-9C8C2A257FA2}.Release|Any CPU.ActiveCfg = Release|Any CPU
		{089771A8-35B5-4BAA-AEB1-9C8C2A257FA2}.Release|Any CPU.Build.0 = Release|Any CPU
	EndGlobalSection
	GlobalSection(SolutionProperties) = preSolution
		HideSolutionNode = FALSE
	EndGlobalSection
	GlobalSection(ExtensibilityGlobals) = postSolution
		SolutionGuid = {97C8C87E-F543-4FF9-A2FD-A043704C5037}
	EndGlobalSection
EndGlobal
